
Microsoft Visual Studio Solution File, Format Version 12.00
# Visual Studio 15
VisualStudioVersion = 15.0.27428.2037
MinimumVisualStudioVersion = 10.0.40219.1
Project("{FAE04EC0-301F-11D3-BF4B-00C04F79EFBC}") = "ModuloPessoa", "ModuloPessoa\ModuloPessoa.csproj", "{23677531-D7CA-49BC-9A01-58B3FBA9230F}"
EndProject
Project("{FAE04EC0-301F-11D3-BF4B-00C04F79EFBC}") = "Pessoa.Test", "Pessoa.Test\Pessoa.Test.csproj", "{4B7A6DE4-000D-4B44-BDF0-FDA3060C00C3}"
EndProject
Global
	GlobalSection(SolutionConfigurationPlatforms) = preSolution
		Debug|Any CPU = Debug|Any CPU
		Release|Any CPU = Release|Any CPU
	EndGlobalSection
	GlobalSection(ProjectConfigurationPlatforms) = postSolution
		{23677531-D7CA-49BC-9A01-58B3FBA9230F}.Debug|Any CPU.ActiveCfg = Debug|Any CPU
		{23677531-D7CA-49BC-9A01-58B3FBA9230F}.Debug|Any CPU.Build.0 = Debug|Any CPU
		{23677531-D7CA-49BC-9A01-58B3FBA9230F}.Release|Any CPU.ActiveCfg = Release|Any CPU
		{23677531-D7CA-49BC-9A01-58B3FBA9230F}.Release|Any CPU.Build.0 = Release|Any CPU
		{4B7A6DE4-000D-4B44-BDF0-FDA3060C00C3}.Debug|Any CPU.ActiveCfg = Debug|Any CPU
		{4B7A6DE4-000D-4B44-BDF0-FDA3060C00C3}.Debug|Any CPU.Build.0 = Debug|Any CPU
		{4B7A6DE4-000D-4B44-BDF0-FDA3060C00C3}.Release|Any CPU.ActiveCfg = Release|Any CPU
		{4B7A6DE4-000D-4B44-BDF0-FDA3060C00C3}.Release|Any CPU.Build.0 = Release|Any CPU
	EndGlobalSection
	GlobalSection(SolutionProperties) = preSolution
		HideSolutionNode = FALSE
	EndGlobalSection
	GlobalSection(ExtensibilityGlobals) = postSolution
		SolutionGuid = {BDC3DA18-3BEB-4676-94FC-39BEE4A00646}
	EndGlobalSection
EndGlobal
